
Microsoft Visual Studio Solution File, Format Version 12.00
# Visual Studio Version 17
VisualStudioVersion = 17.0.32112.339
MinimumVisualStudioVersion = 10.0.40219.1
Project("{FAE04EC0-301F-11D3-BF4B-00C04F79EFBC}") = "Assessment", "Assessment\Assessment.csproj", "{73AE4A03-CA2D-4C9D-88F5-0679BE0F80BF}"
EndProject
Global
	GlobalSection(SolutionConfigurationPlatforms) = preSolution
		Debug|Any CPU = Debug|Any CPU
		Release|Any CPU = Release|Any CPU
	EndGlobalSection
	GlobalSection(ProjectConfigurationPlatforms) = postSolution
		{73AE4A03-CA2D-4C9D-88F5-0679BE0F80BF}.Debug|Any CPU.ActiveCfg = Debug|Any CPU
		{73AE4A03-CA2D-4C9D-88F5-0679BE0F80BF}.Debug|Any CPU.Build.0 = Debug|Any CPU
		{73AE4A03-CA2D-4C9D-88F5-0679BE0F80BF}.Release|Any CPU.ActiveCfg = Release|Any CPU
		{73AE4A03-CA2D-4C9D-88F5-0679BE0F80BF}.Release|Any CPU.Build.0 = Release|Any CPU
	EndGlobalSection
	GlobalSection(SolutionProperties) = preSolution
		HideSolutionNode = FALSE
	EndGlobalSection
	GlobalSection(ExtensibilityGlobals) = postSolution
		SolutionGuid = {EA8FFE44-579B-4EF2-BEB0-0955455708A0}
	EndGlobalSection
EndGlobal
